// !$*UTF8*$!
{
	archiveVersion = 1;
	classes = {
	};
	objectVersion = 70;
	objects = {

/* Begin PBXBuildFile section */
		F309C9242C84254200C85239 /* ListRow.swift in Sources */ = {isa = PBXBuildFile; fileRef = F309C9232C84254200C85239 /* ListRow.swift */; };
		F309C9262C843F6200C85239 /* BottomStickyArea.swift in Sources */ = {isa = PBXBuildFile; fileRef = F309C9252C843F6200C85239 /* BottomStickyArea.swift */; };
		F309C9362C84D52300C85239 /* TaxiLocationSelector.swift in Sources */ = {isa = PBXBuildFile; fileRef = F309C9352C84D52300C85239 /* TaxiLocationSelector.swift */; };
		F309C9382C84DE2000C85239 /* VehiclePicker.swift in Sources */ = {isa = PBXBuildFile; fileRef = F309C9372C84DE2000C85239 /* VehiclePicker.swift */; };
		F309C93A2C84FF3300C85239 /* PassengerStepper.swift in Sources */ = {isa = PBXBuildFile; fileRef = F309C9392C84FF3300C85239 /* PassengerStepper.swift */; };
		F309C9402C85337F00C85239 /* DeviceOrientationDetector.swift in Sources */ = {isa = PBXBuildFile; fileRef = F309C93F2C85337F00C85239 /* DeviceOrientationDetector.swift */; };
		F309C9432C85440000C85239 /* FavoriteVehicleDetails.swift in Sources */ = {isa = PBXBuildFile; fileRef = F309C9422C85440000C85239 /* FavoriteVehicleDetails.swift */; };
		F309C9452C8550D700C85239 /* ProfilePicture.swift in Sources */ = {isa = PBXBuildFile; fileRef = F309C9442C8550D700C85239 /* ProfilePicture.swift */; };
		F309C9472C8550E900C85239 /* User.swift in Sources */ = {isa = PBXBuildFile; fileRef = F309C9462C8550E900C85239 /* User.swift */; };
		F309C9492C85519A00C85239 /* ModelBookingService.swift in Sources */ = {isa = PBXBuildFile; fileRef = F309C9482C85519A00C85239 /* ModelBookingService.swift */; };
		F309C94B2C8551A600C85239 /* ModelTaxiService.swift in Sources */ = {isa = PBXBuildFile; fileRef = F309C94A2C8551A600C85239 /* ModelTaxiService.swift */; };
		F309C94D2C857C6F00C85239 /* TermsAndConditionPage.swift in Sources */ = {isa = PBXBuildFile; fileRef = F309C94C2C857C6F00C85239 /* TermsAndConditionPage.swift */; };
		F309C9502C857C9300C85239 /* PoliciesPage.swift in Sources */ = {isa = PBXBuildFile; fileRef = F309C94F2C857C9300C85239 /* PoliciesPage.swift */; };
		F309C9522C857CA600C85239 /* LegalNoticePage.swift in Sources */ = {isa = PBXBuildFile; fileRef = F309C9512C857CA600C85239 /* LegalNoticePage.swift */; };
		F309C9562C85818D00C85239 /* ProfilePage.swift in Sources */ = {isa = PBXBuildFile; fileRef = F309C9552C85818D00C85239 /* ProfilePage.swift */; };
		F309C9592C85819E00C85239 /* ThemeChangerPage.swift in Sources */ = {isa = PBXBuildFile; fileRef = F309C9582C85819E00C85239 /* ThemeChangerPage.swift */; };
		F309C95B2C8581AB00C85239 /* ColorSchemeChangePage.swift in Sources */ = {isa = PBXBuildFile; fileRef = F309C95A2C8581AB00C85239 /* ColorSchemeChangePage.swift */; };
		F309C95D2C8589A900C85239 /* UserService.swift in Sources */ = {isa = PBXBuildFile; fileRef = F309C95C2C8589A900C85239 /* UserService.swift */; };
		F3368C1E2C4FBE050023A1FD /* VRentApp.swift in Sources */ = {isa = PBXBuildFile; fileRef = F3368C1D2C4FBE050023A1FD /* VRentApp.swift */; };
		F3368C202C4FBE050023A1FD /* ContentView.swift in Sources */ = {isa = PBXBuildFile; fileRef = F3368C1F2C4FBE050023A1FD /* ContentView.swift */; };
		F3368C222C4FBE060023A1FD /* Assets.xcassets in Resources */ = {isa = PBXBuildFile; fileRef = F3368C212C4FBE060023A1FD /* Assets.xcassets */; };
		F3368C252C4FBE060023A1FD /* Preview Assets.xcassets in Resources */ = {isa = PBXBuildFile; fileRef = F3368C242C4FBE060023A1FD /* Preview Assets.xcassets */; };
		F3368C322C50D33D0023A1FD /* RentingTab.swift in Sources */ = {isa = PBXBuildFile; fileRef = F3368C312C50D33D0023A1FD /* RentingTab.swift */; };
		F3368C382C50D3660023A1FD /* UserBookings.swift in Sources */ = {isa = PBXBuildFile; fileRef = F3368C372C50D3660023A1FD /* UserBookings.swift */; };
		F3368C3A2C50D3910023A1FD /* AccountTab.swift in Sources */ = {isa = PBXBuildFile; fileRef = F3368C392C50D3910023A1FD /* AccountTab.swift */; };
		F3618ADB2C8789D9007F1404 /* Color+Extension.swift in Sources */ = {isa = PBXBuildFile; fileRef = F3618ADA2C8789D9007F1404 /* Color+Extension.swift */; };
		F3618ADD2C879ADA007F1404 /* CategorizedBooking.swift in Sources */ = {isa = PBXBuildFile; fileRef = F3618ADC2C879ADA007F1404 /* CategorizedBooking.swift */; };
		F3618AE02C87CF26007F1404 /* MarkdownUI in Frameworks */ = {isa = PBXBuildFile; productRef = F3618ADF2C87CF26007F1404 /* MarkdownUI */; };
		F3618AE22C87DADB007F1404 /* Navigation.swift in Sources */ = {isa = PBXBuildFile; fileRef = F3618AE12C87DADB007F1404 /* Navigation.swift */; };
		F3627E7E2C60ADA60047198B /* Vehicle.swift in Sources */ = {isa = PBXBuildFile; fileRef = F3627E7D2C60ADA60047198B /* Vehicle.swift */; };
		F3627E802C60AF3D0047198B /* Owner.swift in Sources */ = {isa = PBXBuildFile; fileRef = F3627E7F2C60AF3D0047198B /* Owner.swift */; };
		F3627E822C60AF7D0047198B /* VehicleSpecs.swift in Sources */ = {isa = PBXBuildFile; fileRef = F3627E812C60AF7D0047198B /* VehicleSpecs.swift */; };
		F3627E842C60D4730047198B /* vehicles.json in Resources */ = {isa = PBXBuildFile; fileRef = F3627E832C60D4730047198B /* vehicles.json */; };
		F3627E882C60E20C0047198B /* ImageCarousel.swift in Sources */ = {isa = PBXBuildFile; fileRef = F3627E872C60E20C0047198B /* ImageCarousel.swift */; };
		F3627E8B2C61FC000047198B /* VehicleCard.swift in Sources */ = {isa = PBXBuildFile; fileRef = F3627E8A2C61FC000047198B /* VehicleCard.swift */; };
		F3627E8E2C624ECB0047198B /* AvailableVehiclesList.swift in Sources */ = {isa = PBXBuildFile; fileRef = F3627E8D2C624ECB0047198B /* AvailableVehiclesList.swift */; };
		F3627E902C628B800047198B /* VehicleDetails.swift in Sources */ = {isa = PBXBuildFile; fileRef = F3627E8F2C628B800047198B /* VehicleDetails.swift */; };
		F3627E992C64F50D0047198B /* Rentable.swift in Sources */ = {isa = PBXBuildFile; fileRef = F3627E982C64F50D0047198B /* Rentable.swift */; };
		F3627E9B2C65EBDC0047198B /* RentalBooking.swift in Sources */ = {isa = PBXBuildFile; fileRef = F3627E9A2C65EBDC0047198B /* RentalBooking.swift */; };
		F3627E9D2C65F1690047198B /* FavoriteButton.swift in Sources */ = {isa = PBXBuildFile; fileRef = F3627E9C2C65F1690047198B /* FavoriteButton.swift */; };
		F3627E9F2C6611D90047198B /* RentingVehicleDetails.swift in Sources */ = {isa = PBXBuildFile; fileRef = F3627E9E2C6611D90047198B /* RentingVehicleDetails.swift */; };
		F3627EA12C6614C40047198B /* RentalBookingOverview.swift in Sources */ = {isa = PBXBuildFile; fileRef = F3627EA02C6614C40047198B /* RentalBookingOverview.swift */; };
		F3627EA32C6617B90047198B /* PriceRow.swift in Sources */ = {isa = PBXBuildFile; fileRef = F3627EA22C6617B90047198B /* PriceRow.swift */; };
		F3627EA52C6618A50047198B /* SwipeControl.swift in Sources */ = {isa = PBXBuildFile; fileRef = F3627EA42C6618A50047198B /* SwipeControl.swift */; };
		F3627EAD2C69E8A40047198B /* PinkSlipMarkerIcon.swift in Sources */ = {isa = PBXBuildFile; fileRef = F3627EAC2C69E8A40047198B /* PinkSlipMarkerIcon.swift */; };
		F3627EAF2C6A02B30047198B /* PinkSlipIcon.swift in Sources */ = {isa = PBXBuildFile; fileRef = F3627EAE2C6A02B30047198B /* PinkSlipIcon.swift */; };
		F3627EB12C6A05DA0047198B /* SuccessScreen.swift in Sources */ = {isa = PBXBuildFile; fileRef = F3627EB02C6A05DA0047198B /* SuccessScreen.swift */; };
		F3627EB42C6B611C0047198B /* RentingScreenPages.swift in Sources */ = {isa = PBXBuildFile; fileRef = F3627EB32C6B611C0047198B /* RentingScreenPages.swift */; };
		F3627EB62C6B63B70047198B /* NavigationManager.swift in Sources */ = {isa = PBXBuildFile; fileRef = F3627EB52C6B63B70047198B /* NavigationManager.swift */; };
		F3627EBB2C6F82160047198B /* TaxiTab.swift in Sources */ = {isa = PBXBuildFile; fileRef = F3627EBA2C6F82160047198B /* TaxiTab.swift */; };
		F3627EBD2C6F84C60047198B /* TaxiBookingAttributes.swift in Sources */ = {isa = PBXBuildFile; fileRef = F3627EBC2C6F84C60047198B /* TaxiBookingAttributes.swift */; };
		F3627EC02C730D200047198B /* Helpers.swift in Sources */ = {isa = PBXBuildFile; fileRef = F3627EBF2C730D200047198B /* Helpers.swift */; };
		F3627EC42C7349C20047198B /* TaxiBookingViewModel.swift in Sources */ = {isa = PBXBuildFile; fileRef = F3627EC32C7349C20047198B /* TaxiBookingViewModel.swift */; };
		F3627EC62C7368530047198B /* LocationField.swift in Sources */ = {isa = PBXBuildFile; fileRef = F3627EC52C7368530047198B /* LocationField.swift */; };
		F3627EC82C73687F0047198B /* FieldState.swift in Sources */ = {isa = PBXBuildFile; fileRef = F3627EC72C73687F0047198B /* FieldState.swift */; };
		F3627ECA2C75B24E0047198B /* TaxiBilling.swift in Sources */ = {isa = PBXBuildFile; fileRef = F3627EC92C75B24E0047198B /* TaxiBilling.swift */; };
		F3627ECC2C75B2650047198B /* TaxiBookingData.swift in Sources */ = {isa = PBXBuildFile; fileRef = F3627ECB2C75B2650047198B /* TaxiBookingData.swift */; };
		F3627ECF2C75BF1D0047198B /* Charges.swift in Sources */ = {isa = PBXBuildFile; fileRef = F3627ECE2C75BF1D0047198B /* Charges.swift */; };
		F3627ED22C75C4BC0047198B /* Measurements+Extensions.swift in Sources */ = {isa = PBXBuildFile; fileRef = F3627ED12C75C4BC0047198B /* Measurements+Extensions.swift */; };
		F3627ED42C774D050047198B /* UserFavorites.swift in Sources */ = {isa = PBXBuildFile; fileRef = F3368C352C50D3570023A1FD /* UserFavorites.swift */; };
		F3627ED92C7C41AB0047198B /* RentOverviewCard.swift in Sources */ = {isa = PBXBuildFile; fileRef = F3627ED82C7C41AB0047198B /* RentOverviewCard.swift */; };
		F3627EDB2C7C43E20047198B /* PreviewData.swift in Sources */ = {isa = PBXBuildFile; fileRef = F3627EDA2C7C43E20047198B /* PreviewData.swift */; };
		F3890F712C7CD07600D5B88E /* Driver.swift in Sources */ = {isa = PBXBuildFile; fileRef = F3890F702C7CD07600D5B88E /* Driver.swift */; };
		F3890F742C7DAE6800D5B88E /* drivers.json in Resources */ = {isa = PBXBuildFile; fileRef = F3890F722C7DAE6800D5B88E /* drivers.json */; };
		F3890F752C7DAE6800D5B88E /* jsonPopulator.py in Resources */ = {isa = PBXBuildFile; fileRef = F3890F732C7DAE6800D5B88E /* jsonPopulator.py */; };
		F3890F772C7F5DF100D5B88E /* TaxiOverviewCard.swift in Sources */ = {isa = PBXBuildFile; fileRef = F3890F762C7F5DF100D5B88E /* TaxiOverviewCard.swift */; };
		F3890F792C809A7600D5B88E /* BookingStatus.swift in Sources */ = {isa = PBXBuildFile; fileRef = F3890F782C809A7600D5B88E /* BookingStatus.swift */; };
		F3890F7C2C81724200D5B88E /* FavoritesService.swift in Sources */ = {isa = PBXBuildFile; fileRef = F3890F7B2C81724200D5B88E /* FavoritesService.swift */; };
		F3890F7F2C81728000D5B88E /* ModelFavoriteService.swift in Sources */ = {isa = PBXBuildFile; fileRef = F3890F7E2C81727F00D5B88E /* ModelFavoriteService.swift */; };
		F3890F822C8172AA00D5B88E /* Collection+Extension.swift in Sources */ = {isa = PBXBuildFile; fileRef = F3890F812C8172AA00D5B88E /* Collection+Extension.swift */; };
		F3890F842C8173D600D5B88E /* ShapeStyle+Extensions.swift in Sources */ = {isa = PBXBuildFile; fileRef = F3890F832C8173D600D5B88E /* ShapeStyle+Extensions.swift */; };
		F3890F862C818EE700D5B88E /* ServiceRepository.swift in Sources */ = {isa = PBXBuildFile; fileRef = F3890F852C818EE700D5B88E /* ServiceRepository.swift */; };
		F3890F882C81950100D5B88E /* BookingService.swift in Sources */ = {isa = PBXBuildFile; fileRef = F3890F872C81950100D5B88E /* BookingService.swift */; };
		F3890F8A2C81951700D5B88E /* TaxiService.swift in Sources */ = {isa = PBXBuildFile; fileRef = F3890F892C81951700D5B88E /* TaxiService.swift */; };
		F38C43202C5A5F5C003D84B2 /* Model.xcdatamodeld in Sources */ = {isa = PBXBuildFile; fileRef = F38C431E2C5A5F5C003D84B2 /* Model.xcdatamodeld */; };
		F38C43242C5A683E003D84B2 /* LocationFinder.swift in Sources */ = {isa = PBXBuildFile; fileRef = F38C43232C5A683E003D84B2 /* LocationFinder.swift */; };
		F3A54BED2C85DE82000DF754 /* SignInRequestPage.swift in Sources */ = {isa = PBXBuildFile; fileRef = F3A54BEC2C85DE82000DF754 /* SignInRequestPage.swift */; };
		F3A54BF02C85E54C000DF754 /* ThemeManager.swift in Sources */ = {isa = PBXBuildFile; fileRef = F3A54BEF2C85E54C000DF754 /* ThemeManager.swift */; };
		F3A54BF32C86EA7A000DF754 /* SignInPage.swift in Sources */ = {isa = PBXBuildFile; fileRef = F3A54BF22C86EA7A000DF754 /* SignInPage.swift */; };
		F3A54BF52C870DC8000DF754 /* FavoritesTab.swift in Sources */ = {isa = PBXBuildFile; fileRef = F3A54BF42C870DC8000DF754 /* FavoritesTab.swift */; };
		F3A54BF72C870E2B000DF754 /* BookingsTab.swift in Sources */ = {isa = PBXBuildFile; fileRef = F3A54BF62C870E2B000DF754 /* BookingsTab.swift */; };
		F3A54BF92C8764C1000DF754 /* NoBookingsPage.swift in Sources */ = {isa = PBXBuildFile; fileRef = F3A54BF82C8764C1000DF754 /* NoBookingsPage.swift */; };
		F3A54BFB2C876AFE000DF754 /* NoFavoritesPage.swift in Sources */ = {isa = PBXBuildFile; fileRef = F3A54BFA2C876AFE000DF754 /* NoFavoritesPage.swift */; };
		F3A54BFD2C876C79000DF754 /* RentalBookingsPage.swift in Sources */ = {isa = PBXBuildFile; fileRef = F3A54BFC2C876C79000DF754 /* RentalBookingsPage.swift */; };
		F3A54BFF2C876C84000DF754 /* TaxiBookingsPage.swift in Sources */ = {isa = PBXBuildFile; fileRef = F3A54BFE2C876C84000DF754 /* TaxiBookingsPage.swift */; };
		F3D2BADC2C5B9A6C000BBE6E /* Location.swift in Sources */ = {isa = PBXBuildFile; fileRef = F3D2BADB2C5B9A6C000BBE6E /* Location.swift */; };
		F3D2BADE2C5B9F2A000BBE6E /* Model.swift in Sources */ = {isa = PBXBuildFile; fileRef = F3D2BADD2C5B9F2A000BBE6E /* Model.swift */; };
		F3D2BAE02C5BB941000BBE6E /* places.json in Resources */ = {isa = PBXBuildFile; fileRef = F3D2BADF2C5BB941000BBE6E /* places.json */; };
		F3D3BD4F2C575FBC004DB3E1 /* RentDetails.swift in Sources */ = {isa = PBXBuildFile; fileRef = F3D3BD4E2C575FBC004DB3E1 /* RentDetails.swift */; };
		F3D3BD552C5A062C004DB3E1 /* RentTimePicker.swift in Sources */ = {isa = PBXBuildFile; fileRef = F3D3BD542C5A062C004DB3E1 /* RentTimePicker.swift */; };
		F3D3BD572C5A07A7004DB3E1 /* RentDatePicker.swift in Sources */ = {isa = PBXBuildFile; fileRef = F3D3BD562C5A07A7004DB3E1 /* RentDatePicker.swift */; };
		F3D3BD592C5A0860004DB3E1 /* RentSearchViewModel.swift in Sources */ = {isa = PBXBuildFile; fileRef = F3D3BD582C5A0860004DB3E1 /* RentSearchViewModel.swift */; };
		F3D3BD5B2C5A0D71004DB3E1 /* View+Extensions.swift in Sources */ = {isa = PBXBuildFile; fileRef = F3D3BD5A2C5A0D71004DB3E1 /* View+Extensions.swift */; };
		F3D3BD5E2C5A0DAA004DB3E1 /* RentingSearchView.swift in Sources */ = {isa = PBXBuildFile; fileRef = F3D3BD5D2C5A0DAA004DB3E1 /* RentingSearchView.swift */; };
/* End PBXBuildFile section */

/* Begin PBXFileReference section */
		F309C9232C84254200C85239 /* ListRow.swift */ = {isa = PBXFileReference; lastKnownFileType = sourcecode.swift; path = ListRow.swift; sourceTree = "<group>"; };
		F309C9252C843F6200C85239 /* BottomStickyArea.swift */ = {isa = PBXFileReference; lastKnownFileType = sourcecode.swift; path = BottomStickyArea.swift; sourceTree = "<group>"; };
		F309C9352C84D52300C85239 /* TaxiLocationSelector.swift */ = {isa = PBXFileReference; lastKnownFileType = sourcecode.swift; path = TaxiLocationSelector.swift; sourceTree = "<group>"; };
		F309C9372C84DE2000C85239 /* VehiclePicker.swift */ = {isa = PBXFileReference; lastKnownFileType = sourcecode.swift; path = VehiclePicker.swift; sourceTree = "<group>"; };
		F309C9392C84FF3300C85239 /* PassengerStepper.swift */ = {isa = PBXFileReference; lastKnownFileType = sourcecode.swift; path = PassengerStepper.swift; sourceTree = "<group>"; };
		F309C93F2C85337F00C85239 /* DeviceOrientationDetector.swift */ = {isa = PBXFileReference; lastKnownFileType = sourcecode.swift; path = DeviceOrientationDetector.swift; sourceTree = "<group>"; };
		F309C9422C85440000C85239 /* FavoriteVehicleDetails.swift */ = {isa = PBXFileReference; lastKnownFileType = sourcecode.swift; path = FavoriteVehicleDetails.swift; sourceTree = "<group>"; };
		F309C9442C8550D700C85239 /* ProfilePicture.swift */ = {isa = PBXFileReference; lastKnownFileType = sourcecode.swift; path = ProfilePicture.swift; sourceTree = "<group>"; };
		F309C9462C8550E900C85239 /* User.swift */ = {isa = PBXFileReference; lastKnownFileType = sourcecode.swift; path = User.swift; sourceTree = "<group>"; };
		F309C9482C85519A00C85239 /* ModelBookingService.swift */ = {isa = PBXFileReference; lastKnownFileType = sourcecode.swift; path = ModelBookingService.swift; sourceTree = "<group>"; };
		F309C94A2C8551A600C85239 /* ModelTaxiService.swift */ = {isa = PBXFileReference; lastKnownFileType = sourcecode.swift; path = ModelTaxiService.swift; sourceTree = "<group>"; };
		F309C94C2C857C6F00C85239 /* TermsAndConditionPage.swift */ = {isa = PBXFileReference; lastKnownFileType = sourcecode.swift; path = TermsAndConditionPage.swift; sourceTree = "<group>"; };
		F309C94F2C857C9300C85239 /* PoliciesPage.swift */ = {isa = PBXFileReference; lastKnownFileType = sourcecode.swift; path = PoliciesPage.swift; sourceTree = "<group>"; };
		F309C9512C857CA600C85239 /* LegalNoticePage.swift */ = {isa = PBXFileReference; lastKnownFileType = sourcecode.swift; path = LegalNoticePage.swift; sourceTree = "<group>"; };
		F309C9552C85818D00C85239 /* ProfilePage.swift */ = {isa = PBXFileReference; lastKnownFileType = sourcecode.swift; path = ProfilePage.swift; sourceTree = "<group>"; };
		F309C9582C85819E00C85239 /* ThemeChangerPage.swift */ = {isa = PBXFileReference; lastKnownFileType = sourcecode.swift; path = ThemeChangerPage.swift; sourceTree = "<group>"; };
		F309C95A2C8581AB00C85239 /* ColorSchemeChangePage.swift */ = {isa = PBXFileReference; lastKnownFileType = sourcecode.swift; path = ColorSchemeChangePage.swift; sourceTree = "<group>"; };
		F309C95C2C8589A900C85239 /* UserService.swift */ = {isa = PBXFileReference; lastKnownFileType = sourcecode.swift; path = UserService.swift; sourceTree = "<group>"; };
		F3368C1A2C4FBE050023A1FD /* VRent.app */ = {isa = PBXFileReference; explicitFileType = wrapper.application; includeInIndex = 0; path = VRent.app; sourceTree = BUILT_PRODUCTS_DIR; };
		F3368C1D2C4FBE050023A1FD /* VRentApp.swift */ = {isa = PBXFileReference; lastKnownFileType = sourcecode.swift; path = VRentApp.swift; sourceTree = "<group>"; };
		F3368C1F2C4FBE050023A1FD /* ContentView.swift */ = {isa = PBXFileReference; lastKnownFileType = sourcecode.swift; path = ContentView.swift; sourceTree = "<group>"; };
		F3368C212C4FBE060023A1FD /* Assets.xcassets */ = {isa = PBXFileReference; lastKnownFileType = folder.assetcatalog; path = Assets.xcassets; sourceTree = "<group>"; };
		F3368C242C4FBE060023A1FD /* Preview Assets.xcassets */ = {isa = PBXFileReference; lastKnownFileType = folder.assetcatalog; path = "Preview Assets.xcassets"; sourceTree = "<group>"; };
		F3368C312C50D33D0023A1FD /* RentingTab.swift */ = {isa = PBXFileReference; lastKnownFileType = sourcecode.swift; path = RentingTab.swift; sourceTree = "<group>"; };
		F3368C352C50D3570023A1FD /* UserFavorites.swift */ = {isa = PBXFileReference; lastKnownFileType = sourcecode.swift; path = UserFavorites.swift; sourceTree = "<group>"; };
		F3368C372C50D3660023A1FD /* UserBookings.swift */ = {isa = PBXFileReference; lastKnownFileType = sourcecode.swift; path = UserBookings.swift; sourceTree = "<group>"; };
		F3368C392C50D3910023A1FD /* AccountTab.swift */ = {isa = PBXFileReference; lastKnownFileType = sourcecode.swift; path = AccountTab.swift; sourceTree = "<group>"; };
		F3618ADA2C8789D9007F1404 /* Color+Extension.swift */ = {isa = PBXFileReference; lastKnownFileType = sourcecode.swift; path = "Color+Extension.swift"; sourceTree = "<group>"; };
		F3618ADC2C879ADA007F1404 /* CategorizedBooking.swift */ = {isa = PBXFileReference; lastKnownFileType = sourcecode.swift; path = CategorizedBooking.swift; sourceTree = "<group>"; };
		F3618AE12C87DADB007F1404 /* Navigation.swift */ = {isa = PBXFileReference; lastKnownFileType = sourcecode.swift; path = Navigation.swift; sourceTree = "<group>"; };
		F3627E7D2C60ADA60047198B /* Vehicle.swift */ = {isa = PBXFileReference; lastKnownFileType = sourcecode.swift; path = Vehicle.swift; sourceTree = "<group>"; };
		F3627E7F2C60AF3D0047198B /* Owner.swift */ = {isa = PBXFileReference; lastKnownFileType = sourcecode.swift; path = Owner.swift; sourceTree = "<group>"; };
		F3627E812C60AF7D0047198B /* VehicleSpecs.swift */ = {isa = PBXFileReference; lastKnownFileType = sourcecode.swift; path = VehicleSpecs.swift; sourceTree = "<group>"; };
		F3627E832C60D4730047198B /* vehicles.json */ = {isa = PBXFileReference; fileEncoding = 4; lastKnownFileType = text.json; path = vehicles.json; sourceTree = "<group>"; };
		F3627E872C60E20C0047198B /* ImageCarousel.swift */ = {isa = PBXFileReference; lastKnownFileType = sourcecode.swift; path = ImageCarousel.swift; sourceTree = "<group>"; };
		F3627E8A2C61FC000047198B /* VehicleCard.swift */ = {isa = PBXFileReference; lastKnownFileType = sourcecode.swift; path = VehicleCard.swift; sourceTree = "<group>"; };
		F3627E8D2C624ECB0047198B /* AvailableVehiclesList.swift */ = {isa = PBXFileReference; lastKnownFileType = sourcecode.swift; path = AvailableVehiclesList.swift; sourceTree = "<group>"; };
		F3627E8F2C628B800047198B /* VehicleDetails.swift */ = {isa = PBXFileReference; lastKnownFileType = sourcecode.swift; path = VehicleDetails.swift; sourceTree = "<group>"; };
		F3627E982C64F50D0047198B /* Rentable.swift */ = {isa = PBXFileReference; lastKnownFileType = sourcecode.swift; path = Rentable.swift; sourceTree = "<group>"; };
		F3627E9A2C65EBDC0047198B /* RentalBooking.swift */ = {isa = PBXFileReference; lastKnownFileType = sourcecode.swift; path = RentalBooking.swift; sourceTree = "<group>"; };
		F3627E9C2C65F1690047198B /* FavoriteButton.swift */ = {isa = PBXFileReference; lastKnownFileType = sourcecode.swift; path = FavoriteButton.swift; sourceTree = "<group>"; };
		F3627E9E2C6611D90047198B /* RentingVehicleDetails.swift */ = {isa = PBXFileReference; lastKnownFileType = sourcecode.swift; path = RentingVehicleDetails.swift; sourceTree = "<group>"; };
		F3627EA02C6614C40047198B /* RentalBookingOverview.swift */ = {isa = PBXFileReference; lastKnownFileType = sourcecode.swift; path = RentalBookingOverview.swift; sourceTree = "<group>"; };
		F3627EA22C6617B90047198B /* PriceRow.swift */ = {isa = PBXFileReference; lastKnownFileType = sourcecode.swift; path = PriceRow.swift; sourceTree = "<group>"; };
		F3627EA42C6618A50047198B /* SwipeControl.swift */ = {isa = PBXFileReference; lastKnownFileType = sourcecode.swift; path = SwipeControl.swift; sourceTree = "<group>"; };
		F3627EAC2C69E8A40047198B /* PinkSlipMarkerIcon.swift */ = {isa = PBXFileReference; lastKnownFileType = sourcecode.swift; path = PinkSlipMarkerIcon.swift; sourceTree = "<group>"; };
		F3627EAE2C6A02B30047198B /* PinkSlipIcon.swift */ = {isa = PBXFileReference; lastKnownFileType = sourcecode.swift; path = PinkSlipIcon.swift; sourceTree = "<group>"; };
		F3627EB02C6A05DA0047198B /* SuccessScreen.swift */ = {isa = PBXFileReference; lastKnownFileType = sourcecode.swift; path = SuccessScreen.swift; sourceTree = "<group>"; };
		F3627EB32C6B611C0047198B /* RentingScreenPages.swift */ = {isa = PBXFileReference; lastKnownFileType = sourcecode.swift; path = RentingScreenPages.swift; sourceTree = "<group>"; };
		F3627EB52C6B63B70047198B /* NavigationManager.swift */ = {isa = PBXFileReference; lastKnownFileType = sourcecode.swift; path = NavigationManager.swift; sourceTree = "<group>"; };
		F3627EBA2C6F82160047198B /* TaxiTab.swift */ = {isa = PBXFileReference; lastKnownFileType = sourcecode.swift; path = TaxiTab.swift; sourceTree = "<group>"; };
		F3627EBC2C6F84C60047198B /* TaxiBookingAttributes.swift */ = {isa = PBXFileReference; lastKnownFileType = sourcecode.swift; path = TaxiBookingAttributes.swift; sourceTree = "<group>"; };
		F3627EBF2C730D200047198B /* Helpers.swift */ = {isa = PBXFileReference; lastKnownFileType = sourcecode.swift; path = Helpers.swift; sourceTree = "<group>"; };
		F3627EC32C7349C20047198B /* TaxiBookingViewModel.swift */ = {isa = PBXFileReference; lastKnownFileType = sourcecode.swift; path = TaxiBookingViewModel.swift; sourceTree = "<group>"; };
		F3627EC52C7368530047198B /* LocationField.swift */ = {isa = PBXFileReference; lastKnownFileType = sourcecode.swift; path = LocationField.swift; sourceTree = "<group>"; };
		F3627EC72C73687F0047198B /* FieldState.swift */ = {isa = PBXFileReference; lastKnownFileType = sourcecode.swift; path = FieldState.swift; sourceTree = "<group>"; };
		F3627EC92C75B24E0047198B /* TaxiBilling.swift */ = {isa = PBXFileReference; lastKnownFileType = sourcecode.swift; path = TaxiBilling.swift; sourceTree = "<group>"; };
		F3627ECB2C75B2650047198B /* TaxiBookingData.swift */ = {isa = PBXFileReference; lastKnownFileType = sourcecode.swift; path = TaxiBookingData.swift; sourceTree = "<group>"; };
		F3627ECE2C75BF1D0047198B /* Charges.swift */ = {isa = PBXFileReference; lastKnownFileType = sourcecode.swift; path = Charges.swift; sourceTree = "<group>"; };
		F3627ED12C75C4BC0047198B /* Measurements+Extensions.swift */ = {isa = PBXFileReference; lastKnownFileType = sourcecode.swift; path = "Measurements+Extensions.swift"; sourceTree = "<group>"; };
		F3627ED82C7C41AB0047198B /* RentOverviewCard.swift */ = {isa = PBXFileReference; lastKnownFileType = sourcecode.swift; path = RentOverviewCard.swift; sourceTree = "<group>"; };
		F3627EDA2C7C43E20047198B /* PreviewData.swift */ = {isa = PBXFileReference; lastKnownFileType = sourcecode.swift; path = PreviewData.swift; sourceTree = "<group>"; };
		F3890F702C7CD07600D5B88E /* Driver.swift */ = {isa = PBXFileReference; lastKnownFileType = sourcecode.swift; path = Driver.swift; sourceTree = "<group>"; };
		F3890F722C7DAE6800D5B88E /* drivers.json */ = {isa = PBXFileReference; lastKnownFileType = text.json; path = drivers.json; sourceTree = "<group>"; };
		F3890F732C7DAE6800D5B88E /* jsonPopulator.py */ = {isa = PBXFileReference; lastKnownFileType = text.script.python; path = jsonPopulator.py; sourceTree = "<group>"; };
		F3890F762C7F5DF100D5B88E /* TaxiOverviewCard.swift */ = {isa = PBXFileReference; lastKnownFileType = sourcecode.swift; path = TaxiOverviewCard.swift; sourceTree = "<group>"; };
		F3890F782C809A7600D5B88E /* BookingStatus.swift */ = {isa = PBXFileReference; lastKnownFileType = sourcecode.swift; path = BookingStatus.swift; sourceTree = "<group>"; };
		F3890F7B2C81724200D5B88E /* FavoritesService.swift */ = {isa = PBXFileReference; lastKnownFileType = sourcecode.swift; path = FavoritesService.swift; sourceTree = "<group>"; };
		F3890F7E2C81727F00D5B88E /* ModelFavoriteService.swift */ = {isa = PBXFileReference; lastKnownFileType = sourcecode.swift; path = ModelFavoriteService.swift; sourceTree = "<group>"; };
		F3890F812C8172AA00D5B88E /* Collection+Extension.swift */ = {isa = PBXFileReference; lastKnownFileType = sourcecode.swift; path = "Collection+Extension.swift"; sourceTree = "<group>"; };
		F3890F832C8173D600D5B88E /* ShapeStyle+Extensions.swift */ = {isa = PBXFileReference; lastKnownFileType = sourcecode.swift; path = "ShapeStyle+Extensions.swift"; sourceTree = "<group>"; };
		F3890F852C818EE700D5B88E /* ServiceRepository.swift */ = {isa = PBXFileReference; lastKnownFileType = sourcecode.swift; path = ServiceRepository.swift; sourceTree = "<group>"; };
		F3890F872C81950100D5B88E /* BookingService.swift */ = {isa = PBXFileReference; lastKnownFileType = sourcecode.swift; path = BookingService.swift; sourceTree = "<group>"; };
		F3890F892C81951700D5B88E /* TaxiService.swift */ = {isa = PBXFileReference; lastKnownFileType = sourcecode.swift; path = TaxiService.swift; sourceTree = "<group>"; };
		F38C431F2C5A5F5C003D84B2 /* Model.xcdatamodel */ = {isa = PBXFileReference; lastKnownFileType = wrapper.xcdatamodel; path = Model.xcdatamodel; sourceTree = "<group>"; };
		F38C43232C5A683E003D84B2 /* LocationFinder.swift */ = {isa = PBXFileReference; lastKnownFileType = sourcecode.swift; path = LocationFinder.swift; sourceTree = "<group>"; };
		F3A54BEC2C85DE82000DF754 /* SignInRequestPage.swift */ = {isa = PBXFileReference; lastKnownFileType = sourcecode.swift; path = SignInRequestPage.swift; sourceTree = "<group>"; };
		F3A54BEF2C85E54C000DF754 /* ThemeManager.swift */ = {isa = PBXFileReference; lastKnownFileType = sourcecode.swift; path = ThemeManager.swift; sourceTree = "<group>"; };
		F3A54BF22C86EA7A000DF754 /* SignInPage.swift */ = {isa = PBXFileReference; lastKnownFileType = sourcecode.swift; path = SignInPage.swift; sourceTree = "<group>"; };
		F3A54BF42C870DC8000DF754 /* FavoritesTab.swift */ = {isa = PBXFileReference; lastKnownFileType = sourcecode.swift; path = FavoritesTab.swift; sourceTree = "<group>"; };
		F3A54BF62C870E2B000DF754 /* BookingsTab.swift */ = {isa = PBXFileReference; lastKnownFileType = sourcecode.swift; path = BookingsTab.swift; sourceTree = "<group>"; };
		F3A54BF82C8764C1000DF754 /* NoBookingsPage.swift */ = {isa = PBXFileReference; lastKnownFileType = sourcecode.swift; path = NoBookingsPage.swift; sourceTree = "<group>"; };
		F3A54BFA2C876AFE000DF754 /* NoFavoritesPage.swift */ = {isa = PBXFileReference; lastKnownFileType = sourcecode.swift; path = NoFavoritesPage.swift; sourceTree = "<group>"; };
		F3A54BFC2C876C79000DF754 /* RentalBookingsPage.swift */ = {isa = PBXFileReference; lastKnownFileType = sourcecode.swift; path = RentalBookingsPage.swift; sourceTree = "<group>"; };
		F3A54BFE2C876C84000DF754 /* TaxiBookingsPage.swift */ = {isa = PBXFileReference; lastKnownFileType = sourcecode.swift; path = TaxiBookingsPage.swift; sourceTree = "<group>"; };
		F3D2BADB2C5B9A6C000BBE6E /* Location.swift */ = {isa = PBXFileReference; lastKnownFileType = sourcecode.swift; path = Location.swift; sourceTree = "<group>"; };
		F3D2BADD2C5B9F2A000BBE6E /* Model.swift */ = {isa = PBXFileReference; lastKnownFileType = sourcecode.swift; path = Model.swift; sourceTree = "<group>"; };
		F3D2BADF2C5BB941000BBE6E /* places.json */ = {isa = PBXFileReference; fileEncoding = 4; lastKnownFileType = text.json; name = places.json; path = VRent/resources/places.json; sourceTree = SOURCE_ROOT; };
		F3D3BD4E2C575FBC004DB3E1 /* RentDetails.swift */ = {isa = PBXFileReference; lastKnownFileType = sourcecode.swift; path = RentDetails.swift; sourceTree = "<group>"; };
		F3D3BD542C5A062C004DB3E1 /* RentTimePicker.swift */ = {isa = PBXFileReference; lastKnownFileType = sourcecode.swift; path = RentTimePicker.swift; sourceTree = "<group>"; };
		F3D3BD562C5A07A7004DB3E1 /* RentDatePicker.swift */ = {isa = PBXFileReference; lastKnownFileType = sourcecode.swift; path = RentDatePicker.swift; sourceTree = "<group>"; };
		F3D3BD582C5A0860004DB3E1 /* RentSearchViewModel.swift */ = {isa = PBXFileReference; lastKnownFileType = sourcecode.swift; path = RentSearchViewModel.swift; sourceTree = "<group>"; };
		F3D3BD5A2C5A0D71004DB3E1 /* View+Extensions.swift */ = {isa = PBXFileReference; lastKnownFileType = sourcecode.swift; path = "View+Extensions.swift"; sourceTree = "<group>"; };
		F3D3BD5D2C5A0DAA004DB3E1 /* RentingSearchView.swift */ = {isa = PBXFileReference; lastKnownFileType = sourcecode.swift; path = RentingSearchView.swift; sourceTree = "<group>"; };
/* End PBXFileReference section */

/* Begin PBXFileSystemSynchronizedBuildFileExceptionSet section */
		F3A54BE42C85B1F3000DF754 /* PBXFileSystemSynchronizedBuildFileExceptionSet */ = {
			isa = PBXFileSystemSynchronizedBuildFileExceptionSet;
			membershipExceptions = (
				DriveTrain.swift,
				Fuel.swift,
				Rating.swift,
				Transmission.swift,
				VehicleType.swift,
			);
			target = F3368C192C4FBE050023A1FD /* VRent */;
		};
/* End PBXFileSystemSynchronizedBuildFileExceptionSet section */

/* Begin PBXFileSystemSynchronizedRootGroup section */
		F3A54BE02C85B1DE000DF754 /* auxillary */ = {isa = PBXFileSystemSynchronizedRootGroup; exceptions = (F3A54BE42C85B1F3000DF754 /* PBXFileSystemSynchronizedBuildFileExceptionSet */, ); explicitFileTypes = {}; explicitFolders = (); path = auxillary; sourceTree = "<group>"; };
/* End PBXFileSystemSynchronizedRootGroup section */

/* Begin PBXFrameworksBuildPhase section */
		F3368C172C4FBE050023A1FD /* Frameworks */ = {
			isa = PBXFrameworksBuildPhase;
			buildActionMask = 2147483647;
			files = (
				F3618AE02C87CF26007F1404 /* MarkdownUI in Frameworks */,
			);
			runOnlyForDeploymentPostprocessing = 0;
		};
/* End PBXFrameworksBuildPhase section */

/* Begin PBXGroup section */
		F309C92B2C84B32000C85239 /* data */ = {
			isa = PBXGroup;
			children = (
				F3627EBC2C6F84C60047198B /* TaxiBookingAttributes.swift */,
				F3627EC32C7349C20047198B /* TaxiBookingViewModel.swift */,
			);
			path = data;
			sourceTree = "<group>";
		};
		F309C92C2C84B35E00C85239 /* inputs */ = {
			isa = PBXGroup;
			children = (
				F3627E9C2C65F1690047198B /* FavoriteButton.swift */,
				F3627EC72C73687F0047198B /* FieldState.swift */,
				F38C43232C5A683E003D84B2 /* LocationFinder.swift */,
				F3627EA42C6618A50047198B /* SwipeControl.swift */,
			);
			path = inputs;
			sourceTree = "<group>";
		};
		F309C92F2C84B39D00C85239 /* components */ = {
			isa = PBXGroup;
			children = (
				F3627EAE2C6A02B30047198B /* PinkSlipIcon.swift */,
				F3627EAC2C69E8A40047198B /* PinkSlipMarkerIcon.swift */,
				F309C9232C84254200C85239 /* ListRow.swift */,
				F3627EA22C6617B90047198B /* PriceRow.swift */,
				F3A54BEC2C85DE82000DF754 /* SignInRequestPage.swift */,
			);
			path = components;
			sourceTree = "<group>";
		};
		F309C9302C84B3D500C85239 /* constructs */ = {
			isa = PBXGroup;
			children = (
				F3A54BEF2C85E54C000DF754 /* ThemeManager.swift */,
				F3627EB52C6B63B70047198B /* NavigationManager.swift */,
				F3627EC52C7368530047198B /* LocationField.swift */,
				F3627EB02C6A05DA0047198B /* SuccessScreen.swift */,
				F309C9252C843F6200C85239 /* BottomStickyArea.swift */,
				F3618AE12C87DADB007F1404 /* Navigation.swift */,
			);
			path = constructs;
			sourceTree = "<group>";
		};
		F309C9332C84B4EB00C85239 /* components */ = {
			isa = PBXGroup;
			children = (
				F309C9352C84D52300C85239 /* TaxiLocationSelector.swift */,
				F309C9372C84DE2000C85239 /* VehiclePicker.swift */,
				F309C9392C84FF3300C85239 /* PassengerStepper.swift */,
			);
			path = components;
			sourceTree = "<group>";
		};
		F309C93B2C8519D700C85239 /* Favorites */ = {
			isa = PBXGroup;
			children = (
				F3368C352C50D3570023A1FD /* UserFavorites.swift */,
				F309C9422C85440000C85239 /* FavoriteVehicleDetails.swift */,
				F3A54BF42C870DC8000DF754 /* FavoritesTab.swift */,
				F3A54BFA2C876AFE000DF754 /* NoFavoritesPage.swift */,
			);
			path = Favorites;
			sourceTree = "<group>";
		};
		F309C93C2C8519E400C85239 /* Account */ = {
			isa = PBXGroup;
			children = (
				F309C9442C8550D700C85239 /* ProfilePicture.swift */,
				F309C9542C85817D00C85239 /* controlPages */,
				F309C94E2C857C7300C85239 /* StaticPages */,
				F3368C392C50D3910023A1FD /* AccountTab.swift */,
			);
			path = Account;
			sourceTree = "<group>";
		};
		F309C93D2C85335600C85239 /* helpers */ = {
			isa = PBXGroup;
			children = (
				F3627EBF2C730D200047198B /* Helpers.swift */,
				F309C93F2C85337F00C85239 /* DeviceOrientationDetector.swift */,
			);
			path = helpers;
			sourceTree = "<group>";
		};
		F309C94E2C857C7300C85239 /* StaticPages */ = {
			isa = PBXGroup;
			children = (
				F309C94C2C857C6F00C85239 /* TermsAndConditionPage.swift */,
				F309C94F2C857C9300C85239 /* PoliciesPage.swift */,
				F309C9512C857CA600C85239 /* LegalNoticePage.swift */,
			);
			path = StaticPages;
			sourceTree = "<group>";
		};
		F309C9542C85817D00C85239 /* controlPages */ = {
			isa = PBXGroup;
			children = (
				F309C9552C85818D00C85239 /* ProfilePage.swift */,
				F309C9582C85819E00C85239 /* ThemeChangerPage.swift */,
				F309C95A2C8581AB00C85239 /* ColorSchemeChangePage.swift */,
				F3A54BF22C86EA7A000DF754 /* SignInPage.swift */,
			);
			path = controlPages;
			sourceTree = "<group>";
		};
		F309C95E2C859E7000C85239 /* generated */ = {
			isa = PBXGroup;
			children = (
				F3627ECD2C75BD760047198B /* Taxi */,
				F3627EC22C731E090047198B /* rent */,
				F309C9462C8550E900C85239 /* User.swift */,
			);
			path = generated;
			sourceTree = "<group>";
		};
		F309C95F2C859FAA00C85239 /* loaded */ = {
			isa = PBXGroup;
			children = (
				F3A54BE02C85B1DE000DF754 /* auxillary */,
				F3D2BADB2C5B9A6C000BBE6E /* Location.swift */,
				F3627E7F2C60AF3D0047198B /* Owner.swift */,
				F3627E7D2C60ADA60047198B /* Vehicle.swift */,
				F3627E812C60AF7D0047198B /* VehicleSpecs.swift */,
				F3890F702C7CD07600D5B88E /* Driver.swift */,
			);
			path = loaded;
			sourceTree = "<group>";
		};
		F3368C112C4FBE050023A1FD = {
			isa = PBXGroup;
			children = (
				F3368C1C2C4FBE050023A1FD /* VRent */,
				F3368C1B2C4FBE050023A1FD /* Products */,
			);
			sourceTree = "<group>";
		};
		F3368C1B2C4FBE050023A1FD /* Products */ = {
			isa = PBXGroup;
			children = (
				F3368C1A2C4FBE050023A1FD /* VRent.app */,
			);
			name = Products;
			sourceTree = "<group>";
		};
		F3368C1C2C4FBE050023A1FD /* VRent */ = {
			isa = PBXGroup;
			children = (
				F3627E722C6099F60047198B /* resources */,
				F3D3BD4D2C575F8E004DB3E1 /* models */,
				F3D3BD522C5A0611004DB3E1 /* views */,
				F3368C1D2C4FBE050023A1FD /* VRentApp.swift */,
				F38C431E2C5A5F5C003D84B2 /* Model.xcdatamodeld */,
				F3368C212C4FBE060023A1FD /* Assets.xcassets */,
				F3368C232C4FBE060023A1FD /* Preview Content */,
			);
			path = VRent;
			sourceTree = "<group>";
		};
		F3368C232C4FBE060023A1FD /* Preview Content */ = {
			isa = PBXGroup;
			children = (
				F3627EDA2C7C43E20047198B /* PreviewData.swift */,
				F3368C242C4FBE060023A1FD /* Preview Assets.xcassets */,
			);
			path = "Preview Content";
			sourceTree = "<group>";
		};
		F3368C302C50D2FA0023A1FD /* UserTabs */ = {
			isa = PBXGroup;
			children = (
				F309C93C2C8519E400C85239 /* Account */,
				F309C93B2C8519D700C85239 /* Favorites */,
				F3627ED72C7C407D0047198B /* Bookings */,
			);
			path = UserTabs;
			sourceTree = "<group>";
		};
		F3627E722C6099F60047198B /* resources */ = {
			isa = PBXGroup;
			children = (
				F3890F722C7DAE6800D5B88E /* drivers.json */,
				F3890F732C7DAE6800D5B88E /* jsonPopulator.py */,
				F3627E832C60D4730047198B /* vehicles.json */,
				F3D2BADF2C5BB941000BBE6E /* places.json */,
			);
			path = resources;
			sourceTree = "<group>";
		};
		F3627E892C61FBF40047198B /* Vehicle */ = {
			isa = PBXGroup;
			children = (
				F3627E872C60E20C0047198B /* ImageCarousel.swift */,
				F3627E8A2C61FC000047198B /* VehicleCard.swift */,
				F3627E8F2C628B800047198B /* VehicleDetails.swift */,
			);
			path = Vehicle;
			sourceTree = "<group>";
		};
		F3627E8C2C61FC4B0047198B /* Commons */ = {
			isa = PBXGroup;
			children = (
				F3627E892C61FBF40047198B /* Vehicle */,
				F309C9302C84B3D500C85239 /* constructs */,
				F309C92F2C84B39D00C85239 /* components */,
				F309C92C2C84B35E00C85239 /* inputs */,
			);
			path = Commons;
			sourceTree = "<group>";
		};
		F3627E912C62918C0047198B /* Renting */ = {
			isa = PBXGroup;
			children = (
				F3627E922C6291A50047198B /* data */,
				F3627E932C62921E0047198B /* components */,
				F3368C312C50D33D0023A1FD /* RentingTab.swift */,
				F3627E8D2C624ECB0047198B /* AvailableVehiclesList.swift */,
				F3627E9E2C6611D90047198B /* RentingVehicleDetails.swift */,
				F3627EA02C6614C40047198B /* RentalBookingOverview.swift */,
			);
			path = Renting;
			sourceTree = "<group>";
		};
		F3627E922C6291A50047198B /* data */ = {
			isa = PBXGroup;
			children = (
				F3D3BD582C5A0860004DB3E1 /* RentSearchViewModel.swift */,
				F3627EB32C6B611C0047198B /* RentingScreenPages.swift */,
			);
			path = data;
			sourceTree = "<group>";
		};
		F3627E932C62921E0047198B /* components */ = {
			isa = PBXGroup;
			children = (
				F3D3BD562C5A07A7004DB3E1 /* RentDatePicker.swift */,
				F3D3BD542C5A062C004DB3E1 /* RentTimePicker.swift */,
				F3D3BD5D2C5A0DAA004DB3E1 /* RentingSearchView.swift */,
			);
			path = components;
			sourceTree = "<group>";
		};
		F3627EB92C6F81A10047198B /* Taxi */ = {
			isa = PBXGroup;
			children = (
				F309C9332C84B4EB00C85239 /* components */,
				F309C92B2C84B32000C85239 /* data */,
				F3627EBA2C6F82160047198B /* TaxiTab.swift */,
				F3627EC92C75B24E0047198B /* TaxiBilling.swift */,
			);
			path = Taxi;
			sourceTree = "<group>";
		};
		F3627EC12C731DF30047198B /* entity */ = {
			isa = PBXGroup;
			children = (
				F309C95F2C859FAA00C85239 /* loaded */,
				F309C95E2C859E7000C85239 /* generated */,
				F3627ECE2C75BF1D0047198B /* Charges.swift */,
				F3890F782C809A7600D5B88E /* BookingStatus.swift */,
			);
			path = entity;
			sourceTree = "<group>";
		};
		F3627EC22C731E090047198B /* rent */ = {
			isa = PBXGroup;
			children = (
				F3D3BD4E2C575FBC004DB3E1 /* RentDetails.swift */,
				F3627E982C64F50D0047198B /* Rentable.swift */,
				F3627E9A2C65EBDC0047198B /* RentalBooking.swift */,
			);
			path = rent;
			sourceTree = "<group>";
		};
		F3627ECD2C75BD760047198B /* Taxi */ = {
			isa = PBXGroup;
			children = (
				F3627ECB2C75B2650047198B /* TaxiBookingData.swift */,
			);
			path = Taxi;
			sourceTree = "<group>";
		};
		F3627ED02C75C47F0047198B /* Extensions */ = {
			isa = PBXGroup;
			children = (
				F3D3BD5A2C5A0D71004DB3E1 /* View+Extensions.swift */,
				F3627ED12C75C4BC0047198B /* Measurements+Extensions.swift */,
				F3890F812C8172AA00D5B88E /* Collection+Extension.swift */,
				F3890F832C8173D600D5B88E /* ShapeStyle+Extensions.swift */,
				F3618ADA2C8789D9007F1404 /* Color+Extension.swift */,
			);
			path = Extensions;
			sourceTree = "<group>";
		};
		F3627ED72C7C407D0047198B /* Bookings */ = {
			isa = PBXGroup;
			children = (
				F3A54BF62C870E2B000DF754 /* BookingsTab.swift */,
				F3368C372C50D3660023A1FD /* UserBookings.swift */,
				F3A54BFC2C876C79000DF754 /* RentalBookingsPage.swift */,
				F3627ED82C7C41AB0047198B /* RentOverviewCard.swift */,
				F3A54BFE2C876C84000DF754 /* TaxiBookingsPage.swift */,
				F3890F762C7F5DF100D5B88E /* TaxiOverviewCard.swift */,
				F3A54BF82C8764C1000DF754 /* NoBookingsPage.swift */,
				F3618ADC2C879ADA007F1404 /* CategorizedBooking.swift */,
			);
			path = Bookings;
			sourceTree = "<group>";
		};
		F3890F7A2C81722800D5B88E /* protocols */ = {
			isa = PBXGroup;
			children = (
				F3890F7B2C81724200D5B88E /* FavoritesService.swift */,
				F3890F872C81950100D5B88E /* BookingService.swift */,
				F3890F892C81951700D5B88E /* TaxiService.swift */,
			);
			path = protocols;
			sourceTree = "<group>";
		};
		F3890F7D2C81725900D5B88E /* Services */ = {
			isa = PBXGroup;
			children = (
				F3890F7E2C81727F00D5B88E /* ModelFavoriteService.swift */,
				F309C9482C85519A00C85239 /* ModelBookingService.swift */,
				F309C94A2C8551A600C85239 /* ModelTaxiService.swift */,
				F309C95C2C8589A900C85239 /* UserService.swift */,
			);
			path = Services;
			sourceTree = "<group>";
		};
		F3D3BD4D2C575F8E004DB3E1 /* models */ = {
			isa = PBXGroup;
			children = (
				F3890F7A2C81722800D5B88E /* protocols */,
				F3890F7D2C81725900D5B88E /* Services */,
				F3627EC12C731DF30047198B /* entity */,
				F3D2BADD2C5B9F2A000BBE6E /* Model.swift */,
				F3890F852C818EE700D5B88E /* ServiceRepository.swift */,
			);
			path = models;
			sourceTree = "<group>";
		};
		F3D3BD522C5A0611004DB3E1 /* views */ = {
			isa = PBXGroup;
			children = (
				F309C93D2C85335600C85239 /* helpers */,
				F3627ED02C75C47F0047198B /* Extensions */,
				F3627E8C2C61FC4B0047198B /* Commons */,
				F3627E912C62918C0047198B /* Renting */,
				F3627EB92C6F81A10047198B /* Taxi */,
				F3368C302C50D2FA0023A1FD /* UserTabs */,
				F3368C1F2C4FBE050023A1FD /* ContentView.swift */,
			);
			path = views;
			sourceTree = "<group>";
		};
/* End PBXGroup section */

/* Begin PBXNativeTarget section */
		F3368C192C4FBE050023A1FD /* VRent */ = {
			isa = PBXNativeTarget;
			buildConfigurationList = F3368C2D2C4FBE060023A1FD /* Build configuration list for PBXNativeTarget "VRent" */;
			buildPhases = (
				F3368C162C4FBE050023A1FD /* Sources */,
				F3368C172C4FBE050023A1FD /* Frameworks */,
				F3368C182C4FBE050023A1FD /* Resources */,
			);
			buildRules = (
			);
			dependencies = (
			);
			name = VRent;
			productName = CarHub;
			productReference = F3368C1A2C4FBE050023A1FD /* VRent.app */;
			productType = "com.apple.product-type.application";
		};
/* End PBXNativeTarget section */

/* Begin PBXProject section */
		F3368C122C4FBE050023A1FD /* Project object */ = {
			isa = PBXProject;
			attributes = {
				BuildIndependentTargetsInParallel = 1;
				LastSwiftUpdateCheck = 1540;
				LastUpgradeCheck = 1540;
				TargetAttributes = {
					F3368C192C4FBE050023A1FD = {
						CreatedOnToolsVersion = 15.4;
					};
				};
			};
			buildConfigurationList = F3368C152C4FBE050023A1FD /* Build configuration list for PBXProject "VRent" */;
			compatibilityVersion = "Xcode 14.0";
			developmentRegion = en;
			hasScannedForEncodings = 0;
			knownRegions = (
				en,
				Base,
			);
			mainGroup = F3368C112C4FBE050023A1FD;
			packageReferences = (
				F3618ADE2C87CF26007F1404 /* XCRemoteSwiftPackageReference "swift-markdown-ui" */,
			);
			productRefGroup = F3368C1B2C4FBE050023A1FD /* Products */;
			projectDirPath = "";
			projectRoot = "";
			targets = (
				F3368C192C4FBE050023A1FD /* VRent */,
			);
		};
/* End PBXProject section */

/* Begin PBXResourcesBuildPhase section */
		F3368C182C4FBE050023A1FD /* Resources */ = {
			isa = PBXResourcesBuildPhase;
			buildActionMask = 2147483647;
			files = (
				F3890F742C7DAE6800D5B88E /* drivers.json in Resources */,
				F3890F752C7DAE6800D5B88E /* jsonPopulator.py in Resources */,
				F3627E842C60D4730047198B /* vehicles.json in Resources */,
				F3D2BAE02C5BB941000BBE6E /* places.json in Resources */,
				F3368C252C4FBE060023A1FD /* Preview Assets.xcassets in Resources */,
				F3368C222C4FBE060023A1FD /* Assets.xcassets in Resources */,
			);
			runOnlyForDeploymentPostprocessing = 0;
		};
/* End PBXResourcesBuildPhase section */

/* Begin PBXSourcesBuildPhase section */
		F3368C162C4FBE050023A1FD /* Sources */ = {
			isa = PBXSourcesBuildPhase;
			buildActionMask = 2147483647;
			files = (
				F309C93A2C84FF3300C85239 /* PassengerStepper.swift in Sources */,
				F3618ADB2C8789D9007F1404 /* Color+Extension.swift in Sources */,
				F309C94D2C857C6F00C85239 /* TermsAndConditionPage.swift in Sources */,
				F3890F882C81950100D5B88E /* BookingService.swift in Sources */,
				F3627E802C60AF3D0047198B /* Owner.swift in Sources */,
				F3890F712C7CD07600D5B88E /* Driver.swift in Sources */,
				F3A54BF32C86EA7A000DF754 /* SignInPage.swift in Sources */,
				F3890F772C7F5DF100D5B88E /* TaxiOverviewCard.swift in Sources */,
				F3627E7E2C60ADA60047198B /* Vehicle.swift in Sources */,
				F309C9432C85440000C85239 /* FavoriteVehicleDetails.swift in Sources */,
				F3627E8E2C624ECB0047198B /* AvailableVehiclesList.swift in Sources */,
				F38C43242C5A683E003D84B2 /* LocationFinder.swift in Sources */,
				F3D3BD552C5A062C004DB3E1 /* RentTimePicker.swift in Sources */,
				F309C94B2C8551A600C85239 /* ModelTaxiService.swift in Sources */,
				F3A54BF02C85E54C000DF754 /* ThemeManager.swift in Sources */,
				F3A54BF72C870E2B000DF754 /* BookingsTab.swift in Sources */,
				F309C9492C85519A00C85239 /* ModelBookingService.swift in Sources */,
				F3627ED92C7C41AB0047198B /* RentOverviewCard.swift in Sources */,
				F3627EA32C6617B90047198B /* PriceRow.swift in Sources */,
				F309C9262C843F6200C85239 /* BottomStickyArea.swift in Sources */,
				F3A54BFB2C876AFE000DF754 /* NoFavoritesPage.swift in Sources */,
				F309C9382C84DE2000C85239 /* VehiclePicker.swift in Sources */,
				F309C9402C85337F00C85239 /* DeviceOrientationDetector.swift in Sources */,
				F3627EAF2C6A02B30047198B /* PinkSlipIcon.swift in Sources */,
				F3627EDB2C7C43E20047198B /* PreviewData.swift in Sources */,
				F3627ED42C774D050047198B /* UserFavorites.swift in Sources */,
				F3627E992C64F50D0047198B /* Rentable.swift in Sources */,
				F38C43202C5A5F5C003D84B2 /* Model.xcdatamodeld in Sources */,
				F3627EC42C7349C20047198B /* TaxiBookingViewModel.swift in Sources */,
				F3627EA12C6614C40047198B /* RentalBookingOverview.swift in Sources */,
				F3627EC02C730D200047198B /* Helpers.swift in Sources */,
				F309C9472C8550E900C85239 /* User.swift in Sources */,
				F3618ADD2C879ADA007F1404 /* CategorizedBooking.swift in Sources */,
				F309C95D2C8589A900C85239 /* UserService.swift in Sources */,
				F3627EB42C6B611C0047198B /* RentingScreenPages.swift in Sources */,
				F3890F8A2C81951700D5B88E /* TaxiService.swift in Sources */,
				F3627EBB2C6F82160047198B /* TaxiTab.swift in Sources */,
				F3368C322C50D33D0023A1FD /* RentingTab.swift in Sources */,
				F3627E9F2C6611D90047198B /* RentingVehicleDetails.swift in Sources */,
				F3627E822C60AF7D0047198B /* VehicleSpecs.swift in Sources */,
				F3D3BD592C5A0860004DB3E1 /* RentSearchViewModel.swift in Sources */,
				F3890F842C8173D600D5B88E /* ShapeStyle+Extensions.swift in Sources */,
				F3627E9D2C65F1690047198B /* FavoriteButton.swift in Sources */,
				F3890F792C809A7600D5B88E /* BookingStatus.swift in Sources */,
				F3627EBD2C6F84C60047198B /* TaxiBookingAttributes.swift in Sources */,
				F3D3BD4F2C575FBC004DB3E1 /* RentDetails.swift in Sources */,
				F3A54BFF2C876C84000DF754 /* TaxiBookingsPage.swift in Sources */,
				F3627EC62C7368530047198B /* LocationField.swift in Sources */,
				F3627ECF2C75BF1D0047198B /* Charges.swift in Sources */,
				F309C9502C857C9300C85239 /* PoliciesPage.swift in Sources */,
				F3D3BD572C5A07A7004DB3E1 /* RentDatePicker.swift in Sources */,
				F3A54BED2C85DE82000DF754 /* SignInRequestPage.swift in Sources */,
				F3D2BADE2C5B9F2A000BBE6E /* Model.swift in Sources */,
				F309C9562C85818D00C85239 /* ProfilePage.swift in Sources */,
				F3627ECA2C75B24E0047198B /* TaxiBilling.swift in Sources */,
				F3D3BD5E2C5A0DAA004DB3E1 /* RentingSearchView.swift in Sources */,
				F309C9362C84D52300C85239 /* TaxiLocationSelector.swift in Sources */,
				F3890F862C818EE700D5B88E /* ServiceRepository.swift in Sources */,
				F3618AE22C87DADB007F1404 /* Navigation.swift in Sources */,
				F3627EC82C73687F0047198B /* FieldState.swift in Sources */,
				F3627EA52C6618A50047198B /* SwipeControl.swift in Sources */,
				F3368C202C4FBE050023A1FD /* ContentView.swift in Sources */,
				F3890F822C8172AA00D5B88E /* Collection+Extension.swift in Sources */,
				F3890F7C2C81724200D5B88E /* FavoritesService.swift in Sources */,
				F3627EB62C6B63B70047198B /* NavigationManager.swift in Sources */,
				F309C9452C8550D700C85239 /* ProfilePicture.swift in Sources */,
				F309C9242C84254200C85239 /* ListRow.swift in Sources */,
				F3627E882C60E20C0047198B /* ImageCarousel.swift in Sources */,
				F3368C1E2C4FBE050023A1FD /* VRentApp.swift in Sources */,
				F309C95B2C8581AB00C85239 /* ColorSchemeChangePage.swift in Sources */,
				F3627E9B2C65EBDC0047198B /* RentalBooking.swift in Sources */,
				F3D3BD5B2C5A0D71004DB3E1 /* View+Extensions.swift in Sources */,
				F3627ED22C75C4BC0047198B /* Measurements+Extensions.swift in Sources */,
				F3890F7F2C81728000D5B88E /* ModelFavoriteService.swift in Sources */,
				F3368C382C50D3660023A1FD /* UserBookings.swift in Sources */,
				F3627E8B2C61FC000047198B /* VehicleCard.swift in Sources */,
				F3A54BF92C8764C1000DF754 /* NoBookingsPage.swift in Sources */,
				F3627EB12C6A05DA0047198B /* SuccessScreen.swift in Sources */,
				F309C9522C857CA600C85239 /* LegalNoticePage.swift in Sources */,
				F3627ECC2C75B2650047198B /* TaxiBookingData.swift in Sources */,
				F3A54BF52C870DC8000DF754 /* FavoritesTab.swift in Sources */,
				F3D2BADC2C5B9A6C000BBE6E /* Location.swift in Sources */,
				F3A54BFD2C876C79000DF754 /* RentalBookingsPage.swift in Sources */,
				F3627EAD2C69E8A40047198B /* PinkSlipMarkerIcon.swift in Sources */,
				F309C9592C85819E00C85239 /* ThemeChangerPage.swift in Sources */,
				F3368C3A2C50D3910023A1FD /* AccountTab.swift in Sources */,
				F3627E902C628B800047198B /* VehicleDetails.swift in Sources */,
			);
			runOnlyForDeploymentPostprocessing = 0;
		};
/* End PBXSourcesBuildPhase section */

/* Begin XCBuildConfiguration section */
		F3368C2B2C4FBE060023A1FD /* Debug */ = {
			isa = XCBuildConfiguration;
			buildSettings = {
				ALWAYS_SEARCH_USER_PATHS = NO;
				ASSETCATALOG_COMPILER_GENERATE_SWIFT_ASSET_SYMBOL_EXTENSIONS = YES;
				CLANG_ANALYZER_NONNULL = YES;
				CLANG_ANALYZER_NUMBER_OBJECT_CONVERSION = YES_AGGRESSIVE;
				CLANG_CXX_LANGUAGE_STANDARD = "gnu++20";
				CLANG_ENABLE_MODULES = YES;
				CLANG_ENABLE_OBJC_ARC = YES;
				CLANG_ENABLE_OBJC_WEAK = YES;
				CLANG_WARN_BLOCK_CAPTURE_AUTORELEASING = YES;
				CLANG_WARN_BOOL_CONVERSION = YES;
				CLANG_WARN_COMMA = YES;
				CLANG_WARN_CONSTANT_CONVERSION = YES;
				CLANG_WARN_DEPRECATED_OBJC_IMPLEMENTATIONS = YES;
				CLANG_WARN_DIRECT_OBJC_ISA_USAGE = YES_ERROR;
				CLANG_WARN_DOCUMENTATION_COMMENTS = YES;
				CLANG_WARN_EMPTY_BODY = YES;
				CLANG_WARN_ENUM_CONVERSION = YES;
				CLANG_WARN_INFINITE_RECURSION = YES;
				CLANG_WARN_INT_CONVERSION = YES;
				CLANG_WARN_NON_LITERAL_NULL_CONVERSION = YES;
				CLANG_WARN_OBJC_IMPLICIT_RETAIN_SELF = YES;
				CLANG_WARN_OBJC_LITERAL_CONVERSION = YES;
				CLANG_WARN_OBJC_ROOT_CLASS = YES_ERROR;
				CLANG_WARN_QUOTED_INCLUDE_IN_FRAMEWORK_HEADER = YES;
				CLANG_WARN_RANGE_LOOP_ANALYSIS = YES;
				CLANG_WARN_STRICT_PROTOTYPES = YES;
				CLANG_WARN_SUSPICIOUS_MOVE = YES;
				CLANG_WARN_UNGUARDED_AVAILABILITY = YES_AGGRESSIVE;
				CLANG_WARN_UNREACHABLE_CODE = YES;
				CLANG_WARN__DUPLICATE_METHOD_MATCH = YES;
				COPY_PHASE_STRIP = NO;
				DEBUG_INFORMATION_FORMAT = dwarf;
				ENABLE_STRICT_OBJC_MSGSEND = YES;
				ENABLE_TESTABILITY = YES;
				ENABLE_USER_SCRIPT_SANDBOXING = YES;
				GCC_C_LANGUAGE_STANDARD = gnu17;
				GCC_DYNAMIC_NO_PIC = NO;
				GCC_NO_COMMON_BLOCKS = YES;
				GCC_OPTIMIZATION_LEVEL = 0;
				GCC_PREPROCESSOR_DEFINITIONS = (
					"DEBUG=1",
					"$(inherited)",
				);
				GCC_WARN_64_TO_32_BIT_CONVERSION = YES;
				GCC_WARN_ABOUT_RETURN_TYPE = YES_ERROR;
				GCC_WARN_UNDECLARED_SELECTOR = YES;
				GCC_WARN_UNINITIALIZED_AUTOS = YES_AGGRESSIVE;
				GCC_WARN_UNUSED_FUNCTION = YES;
				GCC_WARN_UNUSED_VARIABLE = YES;
				IPHONEOS_DEPLOYMENT_TARGET = 16.0;
				LOCALIZATION_PREFERS_STRING_CATALOGS = YES;
				MTL_ENABLE_DEBUG_INFO = INCLUDE_SOURCE;
				MTL_FAST_MATH = YES;
				ONLY_ACTIVE_ARCH = YES;
				SDKROOT = iphoneos;
				SWIFT_ACTIVE_COMPILATION_CONDITIONS = "DEBUG $(inherited)";
				SWIFT_OPTIMIZATION_LEVEL = "-Onone";
			};
			name = Debug;
		};
		F3368C2C2C4FBE060023A1FD /* Release */ = {
			isa = XCBuildConfiguration;
			buildSettings = {
				ALWAYS_SEARCH_USER_PATHS = NO;
				ASSETCATALOG_COMPILER_GENERATE_SWIFT_ASSET_SYMBOL_EXTENSIONS = YES;
				CLANG_ANALYZER_NONNULL = YES;
				CLANG_ANALYZER_NUMBER_OBJECT_CONVERSION = YES_AGGRESSIVE;
				CLANG_CXX_LANGUAGE_STANDARD = "gnu++20";
				CLANG_ENABLE_MODULES = YES;
				CLANG_ENABLE_OBJC_ARC = YES;
				CLANG_ENABLE_OBJC_WEAK = YES;
				CLANG_WARN_BLOCK_CAPTURE_AUTORELEASING = YES;
				CLANG_WARN_BOOL_CONVERSION = YES;
				CLANG_WARN_COMMA = YES;
				CLANG_WARN_CONSTANT_CONVERSION = YES;
				CLANG_WARN_DEPRECATED_OBJC_IMPLEMENTATIONS = YES;
				CLANG_WARN_DIRECT_OBJC_ISA_USAGE = YES_ERROR;
				CLANG_WARN_DOCUMENTATION_COMMENTS = YES;
				CLANG_WARN_EMPTY_BODY = YES;
				CLANG_WARN_ENUM_CONVERSION = YES;
				CLANG_WARN_INFINITE_RECURSION = YES;
				CLANG_WARN_INT_CONVERSION = YES;
				CLANG_WARN_NON_LITERAL_NULL_CONVERSION = YES;
				CLANG_WARN_OBJC_IMPLICIT_RETAIN_SELF = YES;
				CLANG_WARN_OBJC_LITERAL_CONVERSION = YES;
				CLANG_WARN_OBJC_ROOT_CLASS = YES_ERROR;
				CLANG_WARN_QUOTED_INCLUDE_IN_FRAMEWORK_HEADER = YES;
				CLANG_WARN_RANGE_LOOP_ANALYSIS = YES;
				CLANG_WARN_STRICT_PROTOTYPES = YES;
				CLANG_WARN_SUSPICIOUS_MOVE = YES;
				CLANG_WARN_UNGUARDED_AVAILABILITY = YES_AGGRESSIVE;
				CLANG_WARN_UNREACHABLE_CODE = YES;
				CLANG_WARN__DUPLICATE_METHOD_MATCH = YES;
				COPY_PHASE_STRIP = NO;
				DEBUG_INFORMATION_FORMAT = "dwarf-with-dsym";
				ENABLE_NS_ASSERTIONS = NO;
				ENABLE_STRICT_OBJC_MSGSEND = YES;
				ENABLE_USER_SCRIPT_SANDBOXING = YES;
				GCC_C_LANGUAGE_STANDARD = gnu17;
				GCC_NO_COMMON_BLOCKS = YES;
				GCC_WARN_64_TO_32_BIT_CONVERSION = YES;
				GCC_WARN_ABOUT_RETURN_TYPE = YES_ERROR;
				GCC_WARN_UNDECLARED_SELECTOR = YES;
				GCC_WARN_UNINITIALIZED_AUTOS = YES_AGGRESSIVE;
				GCC_WARN_UNUSED_FUNCTION = YES;
				GCC_WARN_UNUSED_VARIABLE = YES;
				IPHONEOS_DEPLOYMENT_TARGET = 16.0;
				LOCALIZATION_PREFERS_STRING_CATALOGS = YES;
				MTL_ENABLE_DEBUG_INFO = NO;
				MTL_FAST_MATH = YES;
				SDKROOT = iphoneos;
				SWIFT_COMPILATION_MODE = wholemodule;
				VALIDATE_PRODUCT = YES;
			};
			name = Release;
		};
		F3368C2E2C4FBE060023A1FD /* Debug */ = {
			isa = XCBuildConfiguration;
			buildSettings = {
				ASSETCATALOG_COMPILER_APPICON_NAME = AppIcon;
				ASSETCATALOG_COMPILER_GLOBAL_ACCENT_COLOR_NAME = AccentColor;
				"CODE_SIGN_IDENTITY[sdk=iphoneos*]" = "iPhone Developer";
				CODE_SIGN_STYLE = Manual;
				CURRENT_PROJECT_VERSION = 1;
				DEVELOPMENT_ASSET_PATHS = "\"VRent/Preview Content\"";
				DEVELOPMENT_TEAM = "";
				"DEVELOPMENT_TEAM[sdk=iphoneos*]" = 6V85YX7699;
				ENABLE_PREVIEWS = YES;
				GENERATE_INFOPLIST_FILE = YES;
				INFOPLIST_KEY_CFBundleDisplayName = "V Rent";
				INFOPLIST_KEY_LSApplicationCategoryType = "public.app-category.utilities";
				INFOPLIST_KEY_UIApplicationSceneManifest_Generation = YES;
				INFOPLIST_KEY_UIApplicationSupportsIndirectInputEvents = YES;
				INFOPLIST_KEY_UILaunchScreen_Generation = YES;
				INFOPLIST_KEY_UIStatusBarStyle = "";
				INFOPLIST_KEY_UISupportedInterfaceOrientations = "UIInterfaceOrientationLandscapeLeft UIInterfaceOrientationLandscapeRight UIInterfaceOrientationPortrait UIInterfaceOrientationPortraitUpsideDown";
				IPHONEOS_DEPLOYMENT_TARGET = 16.0;
				LD_RUNPATH_SEARCH_PATHS = (
					"$(inherited)",
					"@executable_path/Frameworks",
				);
				MARKETING_VERSION = 1.0;
				PRODUCT_BUNDLE_IDENTIFIER = com.appx.components.vRent;
				PRODUCT_NAME = "$(TARGET_NAME)";
				PROVISIONING_PROFILE_SPECIFIER = "";
				"PROVISIONING_PROFILE_SPECIFIER[sdk=iphoneos*]" = "AK Components Debug";
				SUPPORTED_PLATFORMS = "iphoneos iphonesimulator";
				SUPPORTS_MACCATALYST = NO;
				SUPPORTS_MAC_DESIGNED_FOR_IPHONE_IPAD = NO;
				SUPPORTS_XR_DESIGNED_FOR_IPHONE_IPAD = NO;
				SWIFT_EMIT_LOC_STRINGS = YES;
				SWIFT_VERSION = 5.0;
				TARGETED_DEVICE_FAMILY = "1,2";
			};
			name = Debug;
		};
		F3368C2F2C4FBE060023A1FD /* Release */ = {
			isa = XCBuildConfiguration;
			buildSettings = {
				ASSETCATALOG_COMPILER_APPICON_NAME = AppIcon;
				ASSETCATALOG_COMPILER_GLOBAL_ACCENT_COLOR_NAME = AccentColor;
				"CODE_SIGN_IDENTITY[sdk=iphoneos*]" = "iPhone Developer";
				CODE_SIGN_STYLE = Manual;
				CURRENT_PROJECT_VERSION = 1;
				DEVELOPMENT_ASSET_PATHS = "\"VRent/Preview Content\"";
				DEVELOPMENT_TEAM = "";
				"DEVELOPMENT_TEAM[sdk=iphoneos*]" = 6V85YX7699;
				ENABLE_PREVIEWS = YES;
				GENERATE_INFOPLIST_FILE = YES;
				INFOPLIST_KEY_CFBundleDisplayName = "V Rent";
				INFOPLIST_KEY_LSApplicationCategoryType = "public.app-category.utilities";
				INFOPLIST_KEY_UIApplicationSceneManifest_Generation = YES;
				INFOPLIST_KEY_UIApplicationSupportsIndirectInputEvents = YES;
				INFOPLIST_KEY_UILaunchScreen_Generation = YES;
				INFOPLIST_KEY_UIStatusBarStyle = "";
				INFOPLIST_KEY_UISupportedInterfaceOrientations = "UIInterfaceOrientationLandscapeLeft UIInterfaceOrientationLandscapeRight UIInterfaceOrientationPortrait UIInterfaceOrientationPortraitUpsideDown";
				IPHONEOS_DEPLOYMENT_TARGET = 16.0;
				LD_RUNPATH_SEARCH_PATHS = (
					"$(inherited)",
					"@executable_path/Frameworks",
				);
				MARKETING_VERSION = 1.0;
				PRODUCT_BUNDLE_IDENTIFIER = com.appx.components.vRent;
				PRODUCT_NAME = "$(TARGET_NAME)";
				PROVISIONING_PROFILE_SPECIFIER = "";
				"PROVISIONING_PROFILE_SPECIFIER[sdk=iphoneos*]" = "AK Components Debug";
				SUPPORTED_PLATFORMS = "iphoneos iphonesimulator";
				SUPPORTS_MACCATALYST = NO;
				SUPPORTS_MAC_DESIGNED_FOR_IPHONE_IPAD = NO;
				SUPPORTS_XR_DESIGNED_FOR_IPHONE_IPAD = NO;
				SWIFT_EMIT_LOC_STRINGS = YES;
				SWIFT_VERSION = 5.0;
				TARGETED_DEVICE_FAMILY = "1,2";
			};
			name = Release;
		};
/* End XCBuildConfiguration section */

/* Begin XCConfigurationList section */
		F3368C152C4FBE050023A1FD /* Build configuration list for PBXProject "VRent" */ = {
			isa = XCConfigurationList;
			buildConfigurations = (
				F3368C2B2C4FBE060023A1FD /* Debug */,
				F3368C2C2C4FBE060023A1FD /* Release */,
			);
			defaultConfigurationIsVisible = 0;
			defaultConfigurationName = Release;
		};
		F3368C2D2C4FBE060023A1FD /* Build configuration list for PBXNativeTarget "VRent" */ = {
			isa = XCConfigurationList;
			buildConfigurations = (
				F3368C2E2C4FBE060023A1FD /* Debug */,
				F3368C2F2C4FBE060023A1FD /* Release */,
			);
			defaultConfigurationIsVisible = 0;
			defaultConfigurationName = Release;
		};
/* End XCConfigurationList section */

/* Begin XCRemoteSwiftPackageReference section */
		F3618ADE2C87CF26007F1404 /* XCRemoteSwiftPackageReference "swift-markdown-ui" */ = {
			isa = XCRemoteSwiftPackageReference;
			repositoryURL = "https://github.com/gonzalezreal/swift-markdown-ui";
			requirement = {
				kind = upToNextMajorVersion;
				minimumVersion = 2.4.0;
			};
		};
/* End XCRemoteSwiftPackageReference section */

/* Begin XCSwiftPackageProductDependency section */
		F3618ADF2C87CF26007F1404 /* MarkdownUI */ = {
			isa = XCSwiftPackageProductDependency;
			package = F3618ADE2C87CF26007F1404 /* XCRemoteSwiftPackageReference "swift-markdown-ui" */;
			productName = MarkdownUI;
		};
/* End XCSwiftPackageProductDependency section */

/* Begin XCVersionGroup section */
		F38C431E2C5A5F5C003D84B2 /* Model.xcdatamodeld */ = {
			isa = XCVersionGroup;
			children = (
				F38C431F2C5A5F5C003D84B2 /* Model.xcdatamodel */,
			);
			currentVersion = F38C431F2C5A5F5C003D84B2 /* Model.xcdatamodel */;
			name = Model.xcdatamodeld;
			path = "/Users/arun-21519/Documents/Projects/VRent/VRent/Model.xcdatamodeld";
			sourceTree = "<group>";
			versionGroupType = wrapper.xcdatamodel;
		};
/* End XCVersionGroup section */
	};
	rootObject = F3368C122C4FBE050023A1FD /* Project object */;
}
